{
  "nodes": {
    "flake-parts": {
      "inputs": {
        "nixpkgs-lib": "nixpkgs-lib"
      },
      "locked": {
        "lastModified": 1726153070,
        "narHash": "sha256-HO4zgY0ekfwO5bX0QH/3kJ/h4KvUDFZg8YpkNwIbg1U=",
        "owner": "hercules-ci",
        "repo": "flake-parts",
        "rev": "bcef6817a8b2aa20a5a6dbb19b43e63c5bf8619a",
        "type": "github"
      },
      "original": {
        "owner": "hercules-ci",
        "repo": "flake-parts",
        "type": "github"
      }
    },
    "nixpkgs": {
      "locked": {
        "lastModified": 1726481836,
        "narHash": "sha256-MWTBH4dd5zIz2iatDb8IkqSjIeFum9jAqkFxgHLdzO4=",
        "owner": "nixos",
        "repo": "nixpkgs",
        "rev": "20f9370d5f588fb8c72e844c54511cab054b5f40",
        "type": "github"
      },
      "original": {
        "owner": "nixos",
        "ref": "nixpkgs-unstable",
        "repo": "nixpkgs",
        "type": "github"
      }
    },
    "nixpkgs-lib": {
      "locked": {
        "lastModified": 1725233747,
        "narHash": "sha256-Ss8QWLXdr2JCBPcYChJhz4xJm+h/xjl4G0c0XlP6a74=",
        "type": "tarball",
        "url": "https://github.com/NixOS/nixpkgs/archive/356624c12086a18f2ea2825fed34523d60ccc4e3.tar.gz"
      },
      "original": {
        "type": "tarball",
        "url": "https://github.com/NixOS/nixpkgs/archive/356624c12086a18f2ea2825fed34523d60ccc4e3.tar.gz"
      }
    },
    "process-compose-flake": {
      "locked": {
        "lastModified": 1724606023,
        "narHash": "sha256-rdGeNa/lCS8E1lXzPqgl+vZUUvnbEZT11Bqkx5jfYug=",
        "owner": "Platonic-Systems",
        "repo": "process-compose-flake",
        "rev": "f6ce9481df9aec739e4e06b67492401a5bb4f0b1",
        "type": "github"
      },
      "original": {
        "owner": "Platonic-Systems",
        "repo": "process-compose-flake",
        "type": "github"
      }
    },
    "root": {
      "inputs": {
        "flake-parts": "flake-parts",
        "nixpkgs": "nixpkgs",
        "process-compose-flake": "process-compose-flake",
        "services-flake": "services-flake"
      }
    },
    "services-flake": {
      "locked": {
        "lastModified": 1726505473,
        "narHash": "sha256-LjA+ms2jsLXjH2U0Y9lCNgEd+Fyfg2ocXowNEP2zH0w=",
        "owner": "juspay",
        "repo": "services-flake",
        "rev": "0c4ffc18c4f467dbe3d603f04084b6297f70e7ce",
        "type": "github"
      },
      "original": {
        "owner": "juspay",
        "repo": "services-flake",
        "type": "github"
      }
    }
  },
  "root": "root",
  "version": 7
}
